Microsoft Visual Studio Solution File, Format Version 12.00
# Visual Studio Version 17
VisualStudioVersion = 17.5.2.0
MinimumVisualStudioVersion = 10.0.40219.1
Project("{FAE04EC0-301F-11D3-BF4B-00C04F79EFBC}") = "CostManagementAPI", "CostManagementAPI.csproj", "{D639D9DE-F5C3-55B0-1F5E-618EFD9F9B9E}"
EndProject
Global
	GlobalSection(SolutionConfigurationPlatforms) = preSolution
		Debug|Any CPU = Debug|Any CPU
		Release|Any CPU = Release|Any CPU
	EndGlobalSection
	GlobalSection(ProjectConfigurationPlatforms) = postSolution
		{D639D9DE-F5C3-55B0-1F5E-618EFD9F9B9E}.Debug|Any CPU.ActiveCfg = Debug|Any CPU
		{D639D9DE-F5C3-55B0-1F5E-618EFD9F9B9E}.Debug|Any CPU.Build.0 = Debug|Any CPU
		{D639D9DE-F5C3-55B0-1F5E-618EFD9F9B9E}.Release|Any CPU.ActiveCfg = Release|Any CPU
		{D639D9DE-F5C3-55B0-1F5E-618EFD9F9B9E}.Release|Any CPU.Build.0 = Release|Any CPU
	EndGlobalSection
	GlobalSection(SolutionProperties) = preSolution
		HideSolutionNode = FALSE
	EndGlobalSection
	GlobalSection(ExtensibilityGlobals) = postSolution
		SolutionGuid = {84036154-667D-45E1-90B4-36A160470699}
	EndGlobalSection
EndGlobal
